
Microsoft Visual Studio Solution File, Format Version 12.00
# Visual Studio Version 16
VisualStudioVersion = 16.0.32413.511
MinimumVisualStudioVersion = 10.0.40219.1
Project("{9A19103F-16F7-4668-BE54-9A1E7A4F7556}") = "DataAccess", "DataAccess\DataAccess.csproj", "{09EA1DA5-14AE-4240-AA7B-547DC0F677F8}"
EndProject
Project("{9A19103F-16F7-4668-BE54-9A1E7A4F7556}") = "Business", "Business\Business.csproj", "{C43B5420-B85D-4D8E-93B0-CEF9711F48CF}"
EndProject
Project("{9A19103F-16F7-4668-BE54-9A1E7A4F7556}") = "Entities", "Entities\Entities.csproj", "{CBEF712A-F859-49DF-BD23-769627F1418B}"
EndProject
Project("{9A19103F-16F7-4668-BE54-9A1E7A4F7556}") = "ConsoleUI", "ConsoleUI\ConsoleUI.csproj", "{A3A7C78A-965D-48F4-9FF2-B42FA7D493C9}"
EndProject
Project("{9A19103F-16F7-4668-BE54-9A1E7A4F7556}") = "Core", "Core\Core.csproj", "{9741EC7F-11FF-4F69-8EC9-F12434296702}"
EndProject
Project("{FAE04EC0-301F-11D3-BF4B-00C04F79EFBC}") = "WebAPI", "WebAPI\WebAPI.csproj", "{A7AAEE05-7C0B-482B-BDCC-A61B77193B5A}"
EndProject
Global
	GlobalSection(SolutionConfigurationPlatforms) = preSolution
		Debug|Any CPU = Debug|Any CPU
		Release|Any CPU = Release|Any CPU
	EndGlobalSection
	GlobalSection(ProjectConfigurationPlatforms) = postSolution
		{09EA1DA5-14AE-4240-AA7B-547DC0F677F8}.Debug|Any CPU.ActiveCfg = Debug|Any CPU
		{09EA1DA5-14AE-4240-AA7B-547DC0F677F8}.Debug|Any CPU.Build.0 = Debug|Any CPU
		{09EA1DA5-14AE-4240-AA7B-547DC0F677F8}.Release|Any CPU.ActiveCfg = Release|Any CPU
		{09EA1DA5-14AE-4240-AA7B-547DC0F677F8}.Release|Any CPU.Build.0 = Release|Any CPU
		{C43B5420-B85D-4D8E-93B0-CEF9711F48CF}.Debug|Any CPU.ActiveCfg = Debug|Any CPU
		{C43B5420-B85D-4D8E-93B0-CEF9711F48CF}.Debug|Any CPU.Build.0 = Debug|Any CPU
		{C43B5420-B85D-4D8E-93B0-CEF9711F48CF}.Release|Any CPU.ActiveCfg = Release|Any CPU
		{C43B5420-B85D-4D8E-93B0-CEF9711F48CF}.Release|Any CPU.Build.0 = Release|Any CPU
		{CBEF712A-F859-49DF-BD23-769627F1418B}.Debug|Any CPU.ActiveCfg = Debug|Any CPU
		{CBEF712A-F859-49DF-BD23-769627F1418B}.Debug|Any CPU.Build.0 = Debug|Any CPU
		{CBEF712A-F859-49DF-BD23-769627F1418B}.Release|Any CPU.ActiveCfg = Release|Any CPU
		{CBEF712A-F859-49DF-BD23-769627F1418B}.Release|Any CPU.Build.0 = Release|Any CPU
		{A3A7C78A-965D-48F4-9FF2-B42FA7D493C9}.Debug|Any CPU.ActiveCfg = Debug|Any CPU
		{A3A7C78A-965D-48F4-9FF2-B42FA7D493C9}.Debug|Any CPU.Build.0 = Debug|Any CPU
		{A3A7C78A-965D-48F4-9FF2-B42FA7D493C9}.Release|Any CPU.ActiveCfg = Release|Any CPU
		{A3A7C78A-965D-48F4-9FF2-B42FA7D493C9}.Release|Any CPU.Build.0 = Release|Any CPU
		{9741EC7F-11FF-4F69-8EC9-F12434296702}.Debug|Any CPU.ActiveCfg = Debug|Any CPU
		{9741EC7F-11FF-4F69-8EC9-F12434296702}.Debug|Any CPU.Build.0 = Debug|Any CPU
		{9741EC7F-11FF-4F69-8EC9-F12434296702}.Release|Any CPU.ActiveCfg = Release|Any CPU
		{9741EC7F-11FF-4F69-8EC9-F12434296702}.Release|Any CPU.Build.0 = Release|Any CPU
		{A7AAEE05-7C0B-482B-BDCC-A61B77193B5A}.Debug|Any CPU.ActiveCfg = Debug|Any CPU
		{A7AAEE05-7C0B-482B-BDCC-A61B77193B5A}.Debug|Any CPU.Build.0 = Debug|Any CPU
		{A7AAEE05-7C0B-482B-BDCC-A61B77193B5A}.Release|Any CPU.ActiveCfg = Release|Any CPU
		{A7AAEE05-7C0B-482B-BDCC-A61B77193B5A}.Release|Any CPU.Build.0 = Release|Any CPU
	EndGlobalSection
	GlobalSection(SolutionProperties) = preSolution
		HideSolutionNode = FALSE
	EndGlobalSection
	GlobalSection(ExtensibilityGlobals) = postSolution
		SolutionGuid = {E551C18A-AB10-48ED-9E0F-453A003A8703}
	EndGlobalSection
EndGlobal
